
Microsoft Visual Studio Solution File, Format Version 12.00
# Visual Studio Version 17
VisualStudioVersion = 17.9.34723.18
MinimumVisualStudioVersion = 10.0.40219.1
Project("{9A19103F-16F7-4668-BE54-9A1E7A4F7556}") = "Student", "hometask_OOP\Student.csproj", "{D4F0487F-6DF7-4ACD-8E9F-AEA448676FEF}"
EndProject
Project("{9A19103F-16F7-4668-BE54-9A1E7A4F7556}") = "DocumentProgram", "DocumentProgram\DocumentProgram.csproj", "{76D67822-E94D-4458-B2F6-1EC55473F8FE}"
EndProject
Project("{9A19103F-16F7-4668-BE54-9A1E7A4F7556}") = "Animal", "Animal\Animal.csproj", "{70AFC7C7-6CB5-4C9C-BBA8-296B5B88F84A}"
EndProject
Project("{9A19103F-16F7-4668-BE54-9A1E7A4F7556}") = "Shape", "Shape\Shape.csproj", "{19D6EFBE-3718-4F10-A230-C022D78F8EA7}"
EndProject
Project("{FAE04EC0-301F-11D3-BF4B-00C04F79EFBC}") = "Vehicle", "Vehicle\Vehicle.csproj", "{72CFEC7B-4A15-4F07-9532-B5633F9C1354}"
EndProject
Project("{FAE04EC0-301F-11D3-BF4B-00C04F79EFBC}") = "Product", "Product\Product.csproj", "{4DC98C56-7BD6-4BF1-A0D8-91154A045D74}"
EndProject
Project("{FAE04EC0-301F-11D3-BF4B-00C04F79EFBC}") = "Invoice", "Invoice\Invoice.csproj", "{AE080212-733B-4527-B7E6-9A392D485DEB}"
EndProject
Project("{FAE04EC0-301F-11D3-BF4B-00C04F79EFBC}") = "Library", "Library\Library.csproj", "{0DE06438-CBAD-4B9A-B2FD-F1D496FE7B94}"
EndProject
Global
	GlobalSection(SolutionConfigurationPlatforms) = preSolution
		Debug|Any CPU = Debug|Any CPU
		Release|Any CPU = Release|Any CPU
	EndGlobalSection
	GlobalSection(ProjectConfigurationPlatforms) = postSolution
		{D4F0487F-6DF7-4ACD-8E9F-AEA448676FEF}.Debug|Any CPU.ActiveCfg = Debug|Any CPU
		{D4F0487F-6DF7-4ACD-8E9F-AEA448676FEF}.Debug|Any CPU.Build.0 = Debug|Any CPU
		{D4F0487F-6DF7-4ACD-8E9F-AEA448676FEF}.Release|Any CPU.ActiveCfg = Release|Any CPU
		{D4F0487F-6DF7-4ACD-8E9F-AEA448676FEF}.Release|Any CPU.Build.0 = Release|Any CPU
		{76D67822-E94D-4458-B2F6-1EC55473F8FE}.Debug|Any CPU.ActiveCfg = Debug|Any CPU
		{76D67822-E94D-4458-B2F6-1EC55473F8FE}.Debug|Any CPU.Build.0 = Debug|Any CPU
		{76D67822-E94D-4458-B2F6-1EC55473F8FE}.Release|Any CPU.ActiveCfg = Release|Any CPU
		{76D67822-E94D-4458-B2F6-1EC55473F8FE}.Release|Any CPU.Build.0 = Release|Any CPU
		{70AFC7C7-6CB5-4C9C-BBA8-296B5B88F84A}.Debug|Any CPU.ActiveCfg = Debug|Any CPU
		{70AFC7C7-6CB5-4C9C-BBA8-296B5B88F84A}.Debug|Any CPU.Build.0 = Debug|Any CPU
		{70AFC7C7-6CB5-4C9C-BBA8-296B5B88F84A}.Release|Any CPU.ActiveCfg = Release|Any CPU
		{70AFC7C7-6CB5-4C9C-BBA8-296B5B88F84A}.Release|Any CPU.Build.0 = Release|Any CPU
		{19D6EFBE-3718-4F10-A230-C022D78F8EA7}.Debug|Any CPU.ActiveCfg = Debug|Any CPU
		{19D6EFBE-3718-4F10-A230-C022D78F8EA7}.Debug|Any CPU.Build.0 = Debug|Any CPU
		{19D6EFBE-3718-4F10-A230-C022D78F8EA7}.Release|Any CPU.ActiveCfg = Release|Any CPU
		{19D6EFBE-3718-4F10-A230-C022D78F8EA7}.Release|Any CPU.Build.0 = Release|Any CPU
		{72CFEC7B-4A15-4F07-9532-B5633F9C1354}.Debug|Any CPU.ActiveCfg = Debug|Any CPU
		{72CFEC7B-4A15-4F07-9532-B5633F9C1354}.Debug|Any CPU.Build.0 = Debug|Any CPU
		{72CFEC7B-4A15-4F07-9532-B5633F9C1354}.Release|Any CPU.ActiveCfg = Release|Any CPU
		{72CFEC7B-4A15-4F07-9532-B5633F9C1354}.Release|Any CPU.Build.0 = Release|Any CPU
		{4DC98C56-7BD6-4BF1-A0D8-91154A045D74}.Debug|Any CPU.ActiveCfg = Debug|Any CPU
		{4DC98C56-7BD6-4BF1-A0D8-91154A045D74}.Debug|Any CPU.Build.0 = Debug|Any CPU
		{4DC98C56-7BD6-4BF1-A0D8-91154A045D74}.Release|Any CPU.ActiveCfg = Release|Any CPU
		{4DC98C56-7BD6-4BF1-A0D8-91154A045D74}.Release|Any CPU.Build.0 = Release|Any CPU
		{AE080212-733B-4527-B7E6-9A392D485DEB}.Debug|Any CPU.ActiveCfg = Debug|Any CPU
		{AE080212-733B-4527-B7E6-9A392D485DEB}.Debug|Any CPU.Build.0 = Debug|Any CPU
		{AE080212-733B-4527-B7E6-9A392D485DEB}.Release|Any CPU.ActiveCfg = Release|Any CPU
		{AE080212-733B-4527-B7E6-9A392D485DEB}.Release|Any CPU.Build.0 = Release|Any CPU
		{0DE06438-CBAD-4B9A-B2FD-F1D496FE7B94}.Debug|Any CPU.ActiveCfg = Debug|Any CPU
		{0DE06438-CBAD-4B9A-B2FD-F1D496FE7B94}.Debug|Any CPU.Build.0 = Debug|Any CPU
		{0DE06438-CBAD-4B9A-B2FD-F1D496FE7B94}.Release|Any CPU.ActiveCfg = Release|Any CPU
		{0DE06438-CBAD-4B9A-B2FD-F1D496FE7B94}.Release|Any CPU.Build.0 = Release|Any CPU
	EndGlobalSection
	GlobalSection(SolutionProperties) = preSolution
		HideSolutionNode = FALSE
	EndGlobalSection
	GlobalSection(ExtensibilityGlobals) = postSolution
		SolutionGuid = {270C0F4C-D4B0-4280-9873-D69BB515D671}
	EndGlobalSection
EndGlobal
